
Microsoft Visual Studio Solution File, Format Version 12.00
# Visual Studio Version 17
VisualStudioVersion = 17.13.35825.156
MinimumVisualStudioVersion = 10.0.40219.1
Project("{FAE04EC0-301F-11D3-BF4B-00C04F79EFBC}") = "ECC.GUI", "ECC.GUI\ECC.GUI.csproj", "{0CD50F77-98FA-47E9-8017-0629A3C63D83}"
EndProject
Project("{FAE04EC0-301F-11D3-BF4B-00C04F79EFBC}") = "ECC.Core", "ECC.Core\ECC.Core.csproj", "{7573ACAC-9B26-48A4-8244-C9E8FD9FD8A1}"
EndProject
Project("{FAE04EC0-301F-11D3-BF4B-00C04F79EFBC}") = "ECC.CLI", "ECC.CLI\ECC.CLI.csproj", "{6165C842-700C-4E46-9409-C031A15A7BAE}"
EndProject
Global
	GlobalSection(SolutionConfigurationPlatforms) = preSolution
		Debug|Any CPU = Debug|Any CPU
		Release|Any CPU = Release|Any CPU
	EndGlobalSection
	GlobalSection(ProjectConfigurationPlatforms) = postSolution
		{0CD50F77-98FA-47E9-8017-0629A3C63D83}.Debug|Any CPU.ActiveCfg = Debug|Any CPU
		{0CD50F77-98FA-47E9-8017-0629A3C63D83}.Debug|Any CPU.Build.0 = Debug|Any CPU
		{0CD50F77-98FA-47E9-8017-0629A3C63D83}.Release|Any CPU.ActiveCfg = Release|Any CPU
		{0CD50F77-98FA-47E9-8017-0629A3C63D83}.Release|Any CPU.Build.0 = Release|Any CPU
		{7573ACAC-9B26-48A4-8244-C9E8FD9FD8A1}.Debug|Any CPU.ActiveCfg = Debug|Any CPU
		{7573ACAC-9B26-48A4-8244-C9E8FD9FD8A1}.Debug|Any CPU.Build.0 = Debug|Any CPU
		{7573ACAC-9B26-48A4-8244-C9E8FD9FD8A1}.Release|Any CPU.ActiveCfg = Release|Any CPU
		{7573ACAC-9B26-48A4-8244-C9E8FD9FD8A1}.Release|Any CPU.Build.0 = Release|Any CPU
		{6165C842-700C-4E46-9409-C031A15A7BAE}.Debug|Any CPU.ActiveCfg = Debug|Any CPU
		{6165C842-700C-4E46-9409-C031A15A7BAE}.Debug|Any CPU.Build.0 = Debug|Any CPU
		{6165C842-700C-4E46-9409-C031A15A7BAE}.Release|Any CPU.ActiveCfg = Release|Any CPU
		{6165C842-700C-4E46-9409-C031A15A7BAE}.Release|Any CPU.Build.0 = Release|Any CPU
	EndGlobalSection
	GlobalSection(SolutionProperties) = preSolution
		HideSolutionNode = FALSE
	EndGlobalSection
	GlobalSection(ExtensibilityGlobals) = postSolution
		SolutionGuid = {7A0E28AE-8C25-4D62-AB04-981D12CB6522}
	EndGlobalSection
EndGlobal
